// !$*UTF8*$!
{
	archiveVersion = 1;
	classes = {
	};
	objectVersion = 55;
	objects = {

/* Begin PBXBuildFile section */
		3376737028BB2F2C0028CD0B /* AppDelegate.swift in Sources */ = {isa = PBXBuildFile; fileRef = 3376736F28BB2F2C0028CD0B /* AppDelegate.swift */; };
		3376737228BB2F2C0028CD0B /* SceneDelegate.swift in Sources */ = {isa = PBXBuildFile; fileRef = 3376737128BB2F2C0028CD0B /* SceneDelegate.swift */; };
		3376737428BB2F2C0028CD0B /* ViewController.swift in Sources */ = {isa = PBXBuildFile; fileRef = 3376737328BB2F2C0028CD0B /* ViewController.swift */; };
		3376737728BB2F2C0028CD0B /* Main.storyboard in Resources */ = {isa = PBXBuildFile; fileRef = 3376737528BB2F2C0028CD0B /* Main.storyboard */; };
		3376737928BB2F2E0028CD0B /* Assets.xcassets in Resources */ = {isa = PBXBuildFile; fileRef = 3376737828BB2F2E0028CD0B /* Assets.xcassets */; };
		3376737C28BB2F2E0028CD0B /* LaunchScreen.storyboard in Resources */ = {isa = PBXBuildFile; fileRef = 3376737A28BB2F2E0028CD0B /* LaunchScreen.storyboard */; };
		3376738728BB2F2F0028CD0B /* Task_OrganizerTests.swift in Sources */ = {isa = PBXBuildFile; fileRef = 3376738628BB2F2F0028CD0B /* Task_OrganizerTests.swift */; };
		3376739128BB2F2F0028CD0B /* Task_OrganizerUITests.swift in Sources */ = {isa = PBXBuildFile; fileRef = 3376739028BB2F2F0028CD0B /* Task_OrganizerUITests.swift */; };
		3376739328BB2F2F0028CD0B /* Task_OrganizerUITestsLaunchTests.swift in Sources */ = {isa = PBXBuildFile; fileRef = 3376739228BB2F2F0028CD0B /* Task_OrganizerUITestsLaunchTests.swift */; };
		337673A028BB3D600028CD0B /* EntryViewController.swift in Sources */ = {isa = PBXBuildFile; fileRef = 3376739F28BB3D600028CD0B /* EntryViewController.swift */; };
		337673A228BB3DAC0028CD0B /* TaskViewController.swift in Sources */ = {isa = PBXBuildFile; fileRef = 337673A128BB3DAC0028CD0B /* TaskViewController.swift */; };
/* End PBXBuildFile section */

/* Begin PBXContainerItemProxy section */
		3376738328BB2F2F0028CD0B /* PBXContainerItemProxy */ = {
			isa = PBXContainerItemProxy;
			containerPortal = 3376736428BB2F2C0028CD0B /* Project object */;
			proxyType = 1;
			remoteGlobalIDString = 3376736B28BB2F2C0028CD0B;
			remoteInfo = "Task Organizer";
		};
		3376738D28BB2F2F0028CD0B /* PBXContainerItemProxy */ = {
			isa = PBXContainerItemProxy;
			containerPortal = 3376736428BB2F2C0028CD0B /* Project object */;
			proxyType = 1;
			remoteGlobalIDString = 3376736B28BB2F2C0028CD0B;
			remoteInfo = "Task Organizer";
		};
/* End PBXContainerItemProxy section */

/* Begin PBXFileReference section */
		3376736C28BB2F2C0028CD0B /* Task Organizer.app */ = {isa = PBXFileReference; explicitFileType = wrapper.application; includeInIndex = 0; path = "Task Organizer.app"; sourceTree = BUILT_PRODUCTS_DIR; };
		3376736F28BB2F2C0028CD0B /* AppDelegate.swift */ = {isa = PBXFileReference; lastKnownFileType = sourcecode.swift; path = AppDelegate.swift; sourceTree = "<group>"; };
		3376737128BB2F2C0028CD0B /* SceneDelegate.swift */ = {isa = PBXFileReference; lastKnownFileType = sourcecode.swift; path = SceneDelegate.swift; sourceTree = "<group>"; };
		3376737328BB2F2C0028CD0B /* ViewController.swift */ = {isa = PBXFileReference; lastKnownFileType = sourcecode.swift; path = ViewController.swift; sourceTree = "<group>"; };
		3376737628BB2F2C0028CD0B /* Base */ = {isa = PBXFileReference; lastKnownFileType = file.storyboard; name = Base; path = Base.lproj/Main.storyboard; sourceTree = "<group>"; };
		3376737828BB2F2E0028CD0B /* Assets.xcassets */ = {isa = PBXFileReference; lastKnownFileType = folder.assetcatalog; path = Assets.xcassets; sourceTree = "<group>"; };
		3376737B28BB2F2E0028CD0B /* Base */ = {isa = PBXFileReference; lastKnownFileType = file.storyboard; name = Base; path = Base.lproj/LaunchScreen.storyboard; sourceTree = "<group>"; };
		3376737D28BB2F2E0028CD0B /* Info.plist */ = {isa = PBXFileReference; lastKnownFileType = text.plist.xml; path = Info.plist; sourceTree = "<group>"; };
		3376738228BB2F2F0028CD0B /* Task OrganizerTests.xctest */ = {isa = PBXFileReference; explicitFileType = wrapper.cfbundle; includeInIndex = 0; path = "Task OrganizerTests.xctest"; sourceTree = BUILT_PRODUCTS_DIR; };
		3376738628BB2F2F0028CD0B /* Task_OrganizerTests.swift */ = {isa = PBXFileReference; lastKnownFileType = sourcecode.swift; path = Task_OrganizerTests.swift; sourceTree = "<group>"; };
		3376738C28BB2F2F0028CD0B /* Task OrganizerUITests.xctest */ = {isa = PBXFileReference; explicitFileType = wrapper.cfbundle; includeInIndex = 0; path = "Task OrganizerUITests.xctest"; sourceTree = BUILT_PRODUCTS_DIR; };
		3376739028BB2F2F0028CD0B /* Task_OrganizerUITests.swift */ = {isa = PBXFileReference; lastKnownFileType = sourcecode.swift; path = Task_OrganizerUITests.swift; sourceTree = "<group>"; };
		3376739228BB2F2F0028CD0B /* Task_OrganizerUITestsLaunchTests.swift */ = {isa = PBXFileReference; lastKnownFileType = sourcecode.swift; path = Task_OrganizerUITestsLaunchTests.swift; sourceTree = "<group>"; };
		3376739F28BB3D600028CD0B /* EntryViewController.swift */ = {isa = PBXFileReference; lastKnownFileType = sourcecode.swift; path = EntryViewController.swift; sourceTree = "<group>"; };
		337673A128BB3DAC0028CD0B /* TaskViewController.swift */ = {isa = PBXFileReference; lastKnownFileType = sourcecode.swift; path = TaskViewController.swift; sourceTree = "<group>"; };
/* End PBXFileReference section */

/* Begin PBXFrameworksBuildPhase section */
		3376736928BB2F2C0028CD0B /* Frameworks */ = {
			isa = PBXFrameworksBuildPhase;
			buildActionMask = 2147483647;
			files = (
			);
			runOnlyForDeploymentPostprocessing = 0;
		};
		3376737F28BB2F2F0028CD0B /* Frameworks */ = {
			isa = PBXFrameworksBuildPhase;
			buildActionMask = 2147483647;
			files = (
			);
			runOnlyForDeploymentPostprocessing = 0;
		};
		3376738928BB2F2F0028CD0B /* Frameworks */ = {
			isa = PBXFrameworksBuildPhase;
			buildActionMask = 2147483647;
			files = (
			);
			runOnlyForDeploymentPostprocessing = 0;
		};
/* End PBXFrameworksBuildPhase section */

/* Begin PBXGroup section */
		3376736328BB2F2C0028CD0B = {
			isa = PBXGroup;
			children = (
				3376736E28BB2F2C0028CD0B /* Task Organizer */,
				3376738528BB2F2F0028CD0B /* Task OrganizerTests */,
				3376738F28BB2F2F0028CD0B /* Task OrganizerUITests */,
				3376736D28BB2F2C0028CD0B /* Products */,
			);
			sourceTree = "<group>";
		};
		3376736D28BB2F2C0028CD0B /* Products */ = {
			isa = PBXGroup;
			children = (
				3376736C28BB2F2C0028CD0B /* Task Organizer.app */,
				3376738228BB2F2F0028CD0B /* Task OrganizerTests.xctest */,
				3376738C28BB2F2F0028CD0B /* Task OrganizerUITests.xctest */,
			);
			name = Products;
			sourceTree = "<group>";
		};
		3376736E28BB2F2C0028CD0B /* Task Organizer */ = {
			isa = PBXGroup;
			children = (
				3376739F28BB3D600028CD0B /* EntryViewController.swift */,
				3376736F28BB2F2C0028CD0B /* AppDelegate.swift */,
				3376737128BB2F2C0028CD0B /* SceneDelegate.swift */,
				3376737328BB2F2C0028CD0B /* ViewController.swift */,
				337673A128BB3DAC0028CD0B /* TaskViewController.swift */,
				3376737528BB2F2C0028CD0B /* Main.storyboard */,
				3376737828BB2F2E0028CD0B /* Assets.xcassets */,
				3376737A28BB2F2E0028CD0B /* LaunchScreen.storyboard */,
				3376737D28BB2F2E0028CD0B /* Info.plist */,
			);
			path = "Task Organizer";
			sourceTree = "<group>";
		};
		3376738528BB2F2F0028CD0B /* Task OrganizerTests */ = {
			isa = PBXGroup;
			children = (
				3376738628BB2F2F0028CD0B /* Task_OrganizerTests.swift */,
			);
			path = "Task OrganizerTests";
			sourceTree = "<group>";
		};
		3376738F28BB2F2F0028CD0B /* Task OrganizerUITests */ = {
			isa = PBXGroup;
			children = (
				3376739028BB2F2F0028CD0B /* Task_OrganizerUITests.swift */,
				3376739228BB2F2F0028CD0B /* Task_OrganizerUITestsLaunchTests.swift */,
			);
			path = "Task OrganizerUITests";
			sourceTree = "<group>";
		};
/* End PBXGroup section */

/* Begin PBXNativeTarget section */
		3376736B28BB2F2C0028CD0B /* Task Organizer */ = {
			isa = PBXNativeTarget;
			buildConfigurationList = 3376739628BB2F2F0028CD0B /* Build configuration list for PBXNativeTarget "Task Organizer" */;
			buildPhases = (
				3376736828BB2F2C0028CD0B /* Sources */,
				3376736928BB2F2C0028CD0B /* Frameworks */,
				3376736A28BB2F2C0028CD0B /* Resources */,
			);
			buildRules = (
			);
			dependencies = (
			);
			name = "Task Organizer";
			productName = "Task Organizer";
			productReference = 3376736C28BB2F2C0028CD0B /* Task Organizer.app */;
			productType = "com.apple.product-type.application";
		};
		3376738128BB2F2F0028CD0B /* Task OrganizerTests */ = {
			isa = PBXNativeTarget;
			buildConfigurationList = 3376739928BB2F2F0028CD0B /* Build configuration list for PBXNativeTarget "Task OrganizerTests" */;
			buildPhases = (
				3376737E28BB2F2F0028CD0B /* Sources */,
				3376737F28BB2F2F0028CD0B /* Frameworks */,
				3376738028BB2F2F0028CD0B /* Resources */,
			);
			buildRules = (
			);
			dependencies = (
				3376738428BB2F2F0028CD0B /* PBXTargetDependency */,
			);
			name = "Task OrganizerTests";
			productName = "Task OrganizerTests";
			productReference = 3376738228BB2F2F0028CD0B /* Task OrganizerTests.xctest */;
			productType = "com.apple.product-type.bundle.unit-test";
		};
		3376738B28BB2F2F0028CD0B /* Task OrganizerUITests */ = {
			isa = PBXNativeTarget;
			buildConfigurationList = 3376739C28BB2F2F0028CD0B /* Build configuration list for PBXNativeTarget "Task OrganizerUITests" */;
			buildPhases = (
				3376738828BB2F2F0028CD0B /* Sources */,
				3376738928BB2F2F0028CD0B /* Frameworks */,
				3376738A28BB2F2F0028CD0B /* Resources */,
			);
			buildRules = (
			);
			dependencies = (
				3376738E28BB2F2F0028CD0B /* PBXTargetDependency */,
			);
			name = "Task OrganizerUITests";
			productName = "Task OrganizerUITests";
			productReference = 3376738C28BB2F2F0028CD0B /* Task OrganizerUITests.xctest */;
			productType = "com.apple.product-type.bundle.ui-testing";
		};
/* End PBXNativeTarget section */

/* Begin PBXProject section */
		3376736428BB2F2C0028CD0B /* Project object */ = {
			isa = PBXProject;
			attributes = {
				BuildIndependentTargetsInParallel = 1;
				LastSwiftUpdateCheck = 1340;
				LastUpgradeCheck = 1340;
				TargetAttributes = {
					3376736B28BB2F2C0028CD0B = {
						CreatedOnToolsVersion = 13.4.1;
					};
					3376738128BB2F2F0028CD0B = {
						CreatedOnToolsVersion = 13.4.1;
						TestTargetID = 3376736B28BB2F2C0028CD0B;
					};
					3376738B28BB2F2F0028CD0B = {
						CreatedOnToolsVersion = 13.4.1;
						TestTargetID = 3376736B28BB2F2C0028CD0B;
					};
				};
			};
			buildConfigurationList = 3376736728BB2F2C0028CD0B /* Build configuration list for PBXProject "Task Organizer" */;
			compatibilityVersion = "Xcode 13.0";
			developmentRegion = en;
			hasScannedForEncodings = 0;
			knownRegions = (
				en,
				Base,
			);
			mainGroup = 3376736328BB2F2C0028CD0B;
			productRefGroup = 3376736D28BB2F2C0028CD0B /* Products */;
			projectDirPath = "";
			projectRoot = "";
			targets = (
				3376736B28BB2F2C0028CD0B /* Task Organizer */,
				3376738128BB2F2F0028CD0B /* Task OrganizerTests */,
				3376738B28BB2F2F0028CD0B /* Task OrganizerUITests */,
			);
		};
/* End PBXProject section */

/* Begin PBXResourcesBuildPhase section */
		3376736A28BB2F2C0028CD0B /* Resources */ = {
			isa = PBXResourcesBuildPhase;
			buildActionMask = 2147483647;
			files = (
				3376737C28BB2F2E0028CD0B /* LaunchScreen.storyboard in Resources */,
				3376737928BB2F2E0028CD0B /* Assets.xcassets in Resources */,
				3376737728BB2F2C0028CD0B /* Main.storyboard in Resources */,
			);
			runOnlyForDeploymentPostprocessing = 0;
		};
		3376738028BB2F2F0028CD0B /* Resources */ = {
			isa = PBXResourcesBuildPhase;
			buildActionMask = 2147483647;
			files = (
			);
			runOnlyForDeploymentPostprocessing = 0;
		};
		3376738A28BB2F2F0028CD0B /* Resources */ = {
			isa = PBXResourcesBuildPhase;
			buildActionMask = 2147483647;
			files = (
			);
			runOnlyForDeploymentPostprocessing = 0;
		};
/* End PBXResourcesBuildPhase section */

/* Begin PBXSourcesBuildPhase section */
		3376736828BB2F2C0028CD0B /* Sources */ = {
			isa = PBXSourcesBuildPhase;
			buildActionMask = 2147483647;
			files = (
				3376737428BB2F2C0028CD0B /* ViewController.swift in Sources */,
				337673A028BB3D600028CD0B /* EntryViewController.swift in Sources */,
				337673A228BB3DAC0028CD0B /* TaskViewController.swift in Sources */,
				3376737028BB2F2C0028CD0B /* AppDelegate.swift in Sources */,
				3376737228BB2F2C0028CD0B /* SceneDelegate.swift in Sources */,
			);
			runOnlyForDeploymentPostprocessing = 0;
		};
		3376737E28BB2F2F0028CD0B /* Sources */ = {
			isa = PBXSourcesBuildPhase;
			buildActionMask = 2147483647;
			files = (
				3376738728BB2F2F0028CD0B /* Task_OrganizerTests.swift in Sources */,
			);
			runOnlyForDeploymentPostprocessing = 0;
		};
		3376738828BB2F2F0028CD0B /* Sources */ = {
			isa = PBXSourcesBuildPhase;
			buildActionMask = 2147483647;
			files = (
				3376739128BB2F2F0028CD0B /* Task_OrganizerUITests.swift in Sources */,
				3376739328BB2F2F0028CD0B /* Task_OrganizerUITestsLaunchTests.swift in Sources */,
			);
			runOnlyForDeploymentPostprocessing = 0;
		};
/* End PBXSourcesBuildPhase section */

/* Begin PBXTargetDependency section */
		3376738428BB2F2F0028CD0B /* PBXTargetDependency */ = {
			isa = PBXTargetDependency;
			target = 3376736B28BB2F2C0028CD0B /* Task Organizer */;
			targetProxy = 3376738328BB2F2F0028CD0B /* PBXContainerItemProxy */;
		};
		3376738E28BB2F2F0028CD0B /* PBXTargetDependency */ = {
			isa = PBXTargetDependency;
			target = 3376736B28BB2F2C0028CD0B /* Task Organizer */;
			targetProxy = 3376738D28BB2F2F0028CD0B /* PBXContainerItemProxy */;
		};
/* End PBXTargetDependency section */

/* Begin PBXVariantGroup section */
		3376737528BB2F2C0028CD0B /* Main.storyboard */ = {
			isa = PBXVariantGroup;
			children = (
				3376737628BB2F2C0028CD0B /* Base */,
			);
			name = Main.storyboard;
			sourceTree = "<group>";
		};
		3376737A28BB2F2E0028CD0B /* LaunchScreen.storyboard */ = {
			isa = PBXVariantGroup;
			children = (
				3376737B28BB2F2E0028CD0B /* Base */,
			);
			name = LaunchScreen.storyboard;
			sourceTree = "<group>";
		};
/* End PBXVariantGroup section */

/* Begin XCBuildConfiguration section */
		3376739428BB2F2F0028CD0B /* Debug */ = {
			isa = XCBuildConfiguration;
			buildSettings = {
				ALWAYS_SEARCH_USER_PATHS = NO;
				CLANG_ANALYZER_NONNULL = YES;
				CLANG_ANALYZER_NUMBER_OBJECT_CONVERSION = YES_AGGRESSIVE;
				CLANG_CXX_LANGUAGE_STANDARD = "gnu++17";
				CLANG_ENABLE_MODULES = YES;
				CLANG_ENABLE_OBJC_ARC = YES;
				CLANG_ENABLE_OBJC_WEAK = YES;
				CLANG_WARN_BLOCK_CAPTURE_AUTORELEASING = YES;
				CLANG_WARN_BOOL_CONVERSION = YES;
				CLANG_WARN_COMMA = YES;
				CLANG_WARN_CONSTANT_CONVERSION = YES;
				CLANG_WARN_DEPRECATED_OBJC_IMPLEMENTATIONS = YES;
				CLANG_WARN_DIRECT_OBJC_ISA_USAGE = YES_ERROR;
				CLANG_WARN_DOCUMENTATION_COMMENTS = YES;
				CLANG_WARN_EMPTY_BODY = YES;
				CLANG_WARN_ENUM_CONVERSION = YES;
				CLANG_WARN_INFINITE_RECURSION = YES;
				CLANG_WARN_INT_CONVERSION = YES;
				CLANG_WARN_NON_LITERAL_NULL_CONVERSION = YES;
				CLANG_WARN_OBJC_IMPLICIT_RETAIN_SELF = YES;
				CLANG_WARN_OBJC_LITERAL_CONVERSION = YES;
				CLANG_WARN_OBJC_ROOT_CLASS = YES_ERROR;
				CLANG_WARN_QUOTED_INCLUDE_IN_FRAMEWORK_HEADER = YES;
				CLANG_WARN_RANGE_LOOP_ANALYSIS = YES;
				CLANG_WARN_STRICT_PROTOTYPES = YES;
				CLANG_WARN_SUSPICIOUS_MOVE = YES;
				CLANG_WARN_UNGUARDED_AVAILABILITY = YES_AGGRESSIVE;
				CLANG_WARN_UNREACHABLE_CODE = YES;
				CLANG_WARN__DUPLICATE_METHOD_MATCH = YES;
				COPY_PHASE_STRIP = NO;
				DEBUG_INFORMATION_FORMAT = dwarf;
				ENABLE_STRICT_OBJC_MSGSEND = YES;
				ENABLE_TESTABILITY = YES;
				GCC_C_LANGUAGE_STANDARD = gnu11;
				GCC_DYNAMIC_NO_PIC = NO;
				GCC_NO_COMMON_BLOCKS = YES;
				GCC_OPTIMIZATION_LEVEL = 0;
				GCC_PREPROCESSOR_DEFINITIONS = (
					"DEBUG=1",
					"$(inherited)",
				);
				GCC_WARN_64_TO_32_BIT_CONVERSION = YES;
				GCC_WARN_ABOUT_RETURN_TYPE = YES_ERROR;
				GCC_WARN_UNDECLARED_SELECTOR = YES;
				GCC_WARN_UNINITIALIZED_AUTOS = YES_AGGRESSIVE;
				GCC_WARN_UNUSED_FUNCTION = YES;
				GCC_WARN_UNUSED_VARIABLE = YES;
				IPHONEOS_DEPLOYMENT_TARGET = 15.5;
				MTL_ENABLE_DEBUG_INFO = INCLUDE_SOURCE;
				MTL_FAST_MATH = YES;
				ONLY_ACTIVE_ARCH = YES;
				SDKROOT = iphoneos;
				SWIFT_ACTIVE_COMPILATION_CONDITIONS = DEBUG;
				SWIFT_OPTIMIZATION_LEVEL = "-Onone";
			};
			name = Debug;
		};
		3376739528BB2F2F0028CD0B /* Release */ = {
			isa = XCBuildConfiguration;
			buildSettings = {
				ALWAYS_SEARCH_USER_PATHS = NO;
				CLANG_ANALYZER_NONNULL = YES;
				CLANG_ANALYZER_NUMBER_OBJECT_CONVERSION = YES_AGGRESSIVE;
				CLANG_CXX_LANGUAGE_STANDARD = "gnu++17";
				CLANG_ENABLE_MODULES = YES;
				CLANG_ENABLE_OBJC_ARC = YES;
				CLANG_ENABLE_OBJC_WEAK = YES;
				CLANG_WARN_BLOCK_CAPTURE_AUTORELEASING = YES;
				CLANG_WARN_BOOL_CONVERSION = YES;
				CLANG_WARN_COMMA = YES;
				CLANG_WARN_CONSTANT_CONVERSION = YES;
				CLANG_WARN_DEPRECATED_OBJC_IMPLEMENTATIONS = YES;
				CLANG_WARN_DIRECT_OBJC_ISA_USAGE = YES_ERROR;
				CLANG_WARN_DOCUMENTATION_COMMENTS = YES;
				CLANG_WARN_EMPTY_BODY = YES;
				CLANG_WARN_ENUM_CONVERSION = YES;
				CLANG_WARN_INFINITE_RECURSION = YES;
				CLANG_WARN_INT_CONVERSION = YES;
				CLANG_WARN_NON_LITERAL_NULL_CONVERSION = YES;
				CLANG_WARN_OBJC_IMPLICIT_RETAIN_SELF = YES;
				CLANG_WARN_OBJC_LITERAL_CONVERSION = YES;
				CLANG_WARN_OBJC_ROOT_CLASS = YES_ERROR;
				CLANG_WARN_QUOTED_INCLUDE_IN_FRAMEWORK_HEADER = YES;
				CLANG_WARN_RANGE_LOOP_ANALYSIS = YES;
				CLANG_WARN_STRICT_PROTOTYPES = YES;
				CLANG_WARN_SUSPICIOUS_MOVE = YES;
				CLANG_WARN_UNGUARDED_AVAILABILITY = YES_AGGRESSIVE;
				CLANG_WARN_UNREACHABLE_CODE = YES;
				CLANG_WARN__DUPLICATE_METHOD_MATCH = YES;
				COPY_PHASE_STRIP = NO;
				DEBUG_INFORMATION_FORMAT = "dwarf-with-dsym";
				ENABLE_NS_ASSERTIONS = NO;
				ENABLE_STRICT_OBJC_MSGSEND = YES;
				GCC_C_LANGUAGE_STANDARD = gnu11;
				GCC_NO_COMMON_BLOCKS = YES;
				GCC_WARN_64_TO_32_BIT_CONVERSION = YES;
				GCC_WARN_ABOUT_RETURN_TYPE = YES_ERROR;
				GCC_WARN_UNDECLARED_SELECTOR = YES;
				GCC_WARN_UNINITIALIZED_AUTOS = YES_AGGRESSIVE;
				GCC_WARN_UNUSED_FUNCTION = YES;
				GCC_WARN_UNUSED_VARIABLE = YES;
				IPHONEOS_DEPLOYMENT_TARGET = 15.5;
				MTL_ENABLE_DEBUG_INFO = NO;
				MTL_FAST_MATH = YES;
				SDKROOT = iphoneos;
				SWIFT_COMPILATION_MODE = wholemodule;
				SWIFT_OPTIMIZATION_LEVEL = "-O";
				VALIDATE_PRODUCT = YES;
			};
			name = Release;
		};
		3376739728BB2F2F0028CD0B /* Debug */ = {
			isa = XCBuildConfiguration;
			buildSettings = {
				ASSETCATALOG_COMPILER_APPICON_NAME = AppIcon;
				ASSETCATALOG_COMPILER_GLOBAL_ACCENT_COLOR_NAME = AccentColor;
				CODE_SIGN_STYLE = Automatic;
				CURRENT_PROJECT_VERSION = 1;
				GENERATE_INFOPLIST_FILE = YES;
				INFOPLIST_FILE = "Task Organizer/Info.plist";
				INFOPLIST_KEY_UIApplicationSupportsIndirectInputEvents = YES;
				INFOPLIST_KEY_UILaunchStoryboardName = LaunchScreen;
				INFOPLIST_KEY_UIMainStoryboardFile = Main;
				INFOPLIST_KEY_UISupportedInterfaceOrientations_iPad = "UIInterfaceOrientationPortrait UIInterfaceOrientationPortraitUpsideDown UIInterfaceOrientationLandscapeLeft UIInterfaceOrientationLandscapeRight";
				INFOPLIST_KEY_UISupportedInterfaceOrientations_iPhone = "UIInterfaceOrientationPortrait UIInterfaceOrientationLandscapeLeft UIInterfaceOrientationLandscapeRight";
				LD_RUNPATH_SEARCH_PATHS = (
					"$(inherited)",
					"@executable_path/Frameworks",
				);
				MARKETING_VERSION = 1.0;
				PRODUCT_BUNDLE_IDENTIFIER = "com.LaurenMiller.Task-Organizer";
				PRODUCT_NAME = "$(TARGET_NAME)";
				SWIFT_EMIT_LOC_STRINGS = YES;
				SWIFT_VERSION = 5.0;
				TARGETED_DEVICE_FAMILY = "1,2";
			};
			name = Debug;
		};
		3376739828BB2F2F0028CD0B /* Release */ = {
			isa = XCBuildConfiguration;
			buildSettings = {
				ASSETCATALOG_COMPILER_APPICON_NAME = AppIcon;
				ASSETCATALOG_COMPILER_GLOBAL_ACCENT_COLOR_NAME = AccentColor;
				CODE_SIGN_STYLE = Automatic;
				CURRENT_PROJECT_VERSION = 1;
				GENERATE_INFOPLIST_FILE = YES;
				INFOPLIST_FILE = "Task Organizer/Info.plist";
				INFOPLIST_KEY_UIApplicationSupportsIndirectInputEvents = YES;
				INFOPLIST_KEY_UILaunchStoryboardName = LaunchScreen;
				INFOPLIST_KEY_UIMainStoryboardFile = Main;
				INFOPLIST_KEY_UISupportedInterfaceOrientations_iPad = "UIInterfaceOrientationPortrait UIInterfaceOrientationPortraitUpsideDown UIInterfaceOrientationLandscapeLeft UIInterfaceOrientationLandscapeRight";
				INFOPLIST_KEY_UISupportedInterfaceOrientations_iPhone = "UIInterfaceOrientationPortrait UIInterfaceOrientationLandscapeLeft UIInterfaceOrientationLandscapeRight";
				LD_RUNPATH_SEARCH_PATHS = (
					"$(inherited)",
					"@executable_path/Frameworks",
				);
				MARKETING_VERSION = 1.0;
				PRODUCT_BUNDLE_IDENTIFIER = "com.LaurenMiller.Task-Organizer";
				PRODUCT_NAME = "$(TARGET_NAME)";
				SWIFT_EMIT_LOC_STRINGS = YES;
				SWIFT_VERSION = 5.0;
				TARGETED_DEVICE_FAMILY = "1,2";
			};
			name = Release;
		};
		3376739A28BB2F2F0028CD0B /* Debug */ = {
			isa = XCBuildConfiguration;
			buildSettings = {
				ALWAYS_EMBED_SWIFT_STANDARD_LIBRARIES = YES;
				BUNDLE_LOADER = "$(TEST_HOST)";
				CODE_SIGN_STYLE = Automatic;
				CURRENT_PROJECT_VERSION = 1;
				GENERATE_INFOPLIST_FILE = YES;
				IPHONEOS_DEPLOYMENT_TARGET = 15.5;
				MARKETING_VERSION = 1.0;
				PRODUCT_BUNDLE_IDENTIFIER = "com.LaurenMiller.Task-OrganizerTests";
				PRODUCT_NAME = "$(TARGET_NAME)";
				SWIFT_EMIT_LOC_STRINGS = NO;
				SWIFT_VERSION = 5.0;
				TARGETED_DEVICE_FAMILY = "1,2";
				TEST_HOST = "$(BUILT_PRODUCTS_DIR)/Task Organizer.app/Task Organizer";
			};
			name = Debug;
		};
		3376739B28BB2F2F0028CD0B /* Release */ = {
			isa = XCBuildConfiguration;
			buildSettings = {
				ALWAYS_EMBED_SWIFT_STANDARD_LIBRARIES = YES;
				BUNDLE_LOADER = "$(TEST_HOST)";
				CODE_SIGN_STYLE = Automatic;
				CURRENT_PROJECT_VERSION = 1;
				GENERATE_INFOPLIST_FILE = YES;
				IPHONEOS_DEPLOYMENT_TARGET = 15.5;
				MARKETING_VERSION = 1.0;
				PRODUCT_BUNDLE_IDENTIFIER = "com.LaurenMiller.Task-OrganizerTests";
				PRODUCT_NAME = "$(TARGET_NAME)";
				SWIFT_EMIT_LOC_STRINGS = NO;
				SWIFT_VERSION = 5.0;
				TARGETED_DEVICE_FAMILY = "1,2";
				TEST_HOST = "$(BUILT_PRODUCTS_DIR)/Task Organizer.app/Task Organizer";
			};
			name = Release;
		};
		3376739D28BB2F2F0028CD0B /* Debug */ = {
			isa = XCBuildConfiguration;
			buildSettings = {
				ALWAYS_EMBED_SWIFT_STANDARD_LIBRARIES = YES;
				CODE_SIGN_STYLE = Automatic;
				CURRENT_PROJECT_VERSION = 1;
				GENERATE_INFOPLIST_FILE = YES;
				MARKETING_VERSION = 1.0;
				PRODUCT_BUNDLE_IDENTIFIER = "com.LaurenMiller.Task-OrganizerUITests";
				PRODUCT_NAME = "$(TARGET_NAME)";
				SWIFT_EMIT_LOC_STRINGS = NO;
				SWIFT_VERSION = 5.0;
				TARGETED_DEVICE_FAMILY = "1,2";
				TEST_TARGET_NAME = "Task Organizer";
			};
			name = Debug;
		};
		3376739E28BB2F2F0028CD0B /* Release */ = {
			isa = XCBuildConfiguration;
			buildSettings = {
				ALWAYS_EMBED_SWIFT_STANDARD_LIBRARIES = YES;
				CODE_SIGN_STYLE = Automatic;
				CURRENT_PROJECT_VERSION = 1;
				GENERATE_INFOPLIST_FILE = YES;
				MARKETING_VERSION = 1.0;
				PRODUCT_BUNDLE_IDENTIFIER = "com.LaurenMiller.Task-OrganizerUITests";
				PRODUCT_NAME = "$(TARGET_NAME)";
				SWIFT_EMIT_LOC_STRINGS = NO;
				SWIFT_VERSION = 5.0;
				TARGETED_DEVICE_FAMILY = "1,2";
				TEST_TARGET_NAME = "Task Organizer";
			};
			name = Release;
		};
/* End XCBuildConfiguration section */

/* Begin XCConfigurationList section */
		3376736728BB2F2C0028CD0B /* Build configuration list for PBXProject "Task Organizer" */ = {
			isa = XCConfigurationList;
			buildConfigurations = (
				3376739428BB2F2F0028CD0B /* Debug */,
				3376739528BB2F2F0028CD0B /* Release */,
			);
			defaultConfigurationIsVisible = 0;
			defaultConfigurationName = Release;
		};
		3376739628BB2F2F0028CD0B /* Build configuration list for PBXNativeTarget "Task Organizer" */ = {
			isa = XCConfigurationList;
			buildConfigurations = (
				3376739728BB2F2F0028CD0B /* Debug */,
				3376739828BB2F2F0028CD0B /* Release */,
			);
			defaultConfigurationIsVisible = 0;
			defaultConfigurationName = Release;
		};
		3376739928BB2F2F0028CD0B /* Build configuration list for PBXNativeTarget "Task OrganizerTests" */ = {
			isa = XCConfigurationList;
			buildConfigurations = (
				3376739A28BB2F2F0028CD0B /* Debug */,
				3376739B28BB2F2F0028CD0B /* Release */,
			);
			defaultConfigurationIsVisible = 0;
			defaultConfigurationName = Release;
		};
		3376739C28BB2F2F0028CD0B /* Build configuration list for PBXNativeTarget "Task OrganizerUITests" */ = {
			isa = XCConfigurationList;
			buildConfigurations = (
				3376739D28BB2F2F0028CD0B /* Debug */,
				3376739E28BB2F2F0028CD0B /* Release */,
			);
			defaultConfigurationIsVisible = 0;
			defaultConfigurationName = Release;
		};
/* End XCConfigurationList section */
	};
	rootObject = 3376736428BB2F2C0028CD0B /* Project object */;
}
